
Microsoft Visual Studio Solution File, Format Version 12.00
# Visual Studio Version 16
VisualStudioVersion = 16.0.31321.278
MinimumVisualStudioVersion = 10.0.40219.1
Project("{FAE04EC0-301F-11D3-BF4B-00C04F79EFBC}") = "ProductInfo", "ProductInfo.csproj", "{C85AD02A-5EBE-49F2-BF72-1E41A03D3787}"
EndProject
Global
	GlobalSection(SolutionConfigurationPlatforms) = preSolution
		Debug|Any CPU = Debug|Any CPU
		Release|Any CPU = Release|Any CPU
	EndGlobalSection
	GlobalSection(ProjectConfigurationPlatforms) = postSolution
		{C85AD02A-5EBE-49F2-BF72-1E41A03D3787}.Debug|Any CPU.ActiveCfg = Debug|Any CPU
		{C85AD02A-5EBE-49F2-BF72-1E41A03D3787}.Debug|Any CPU.Build.0 = Debug|Any CPU
		{C85AD02A-5EBE-49F2-BF72-1E41A03D3787}.Release|Any CPU.ActiveCfg = Release|Any CPU
		{C85AD02A-5EBE-49F2-BF72-1E41A03D3787}.Release|Any CPU.Build.0 = Release|Any CPU
	EndGlobalSection
	GlobalSection(SolutionProperties) = preSolution
		HideSolutionNode = FALSE
	EndGlobalSection
	GlobalSection(ExtensibilityGlobals) = postSolution
		SolutionGuid = {57CD3C8E-D6B4-493B-AD91-5D23BAE9846E}
	EndGlobalSection
EndGlobal
